
Microsoft Visual Studio Solution File, Format Version 10.00
# Visual Studio 2008
Project("{8BC9CEB8-8B4A-11D0-8D11-00A0C91BC942}") = "SplitterControlDemo", "SplitterControlDemo.vcproj", "{E65CD209-D554-4F57-9667-E4A8426194B5}"
EndProject
Global
	GlobalSection(SolutionConfigurationPlatforms) = preSolution
		Debug|Win32 = Debug|Win32
		Release|Win32 = Release|Win32
	EndGlobalSection
	GlobalSection(ProjectConfigurationPlatforms) = postSolution
		{E65CD209-D554-4F57-9667-E4A8426194B5}.Debug|Win32.ActiveCfg = Debug|Win32
		{E65CD209-D554-4F57-9667-E4A8426194B5}.Debug|Win32.Build.0 = Debug|Win32
		{E65CD209-D554-4F57-9667-E4A8426194B5}.Release|Win32.ActiveCfg = Release|Win32
		{E65CD209-D554-4F57-9667-E4A8426194B5}.Release|Win32.Build.0 = Release|Win32
	EndGlobalSection
	GlobalSection(SolutionProperties) = preSolution
		HideSolutionNode = FALSE
	EndGlobalSection
EndGlobal
