
Microsoft Visual Studio Solution File, Format Version 10.00
# Visual Studio 2008
Project("{8BC9CEB8-8B4A-11D0-8D11-00A0C91BC942}") = "qqlike", "qqlike.vcproj", "{D4D656C5-6BC1-442B-945B-51653B38399A}"
EndProject
Global
	GlobalSection(SolutionConfigurationPlatforms) = preSolution
		Debug|Win32 = Debug|Win32
		Release|Win32 = Release|Win32
	EndGlobalSection
	GlobalSection(ProjectConfigurationPlatforms) = postSolution
		{D4D656C5-6BC1-442B-945B-51653B38399A}.Debug|Win32.ActiveCfg = Debug|Win32
		{D4D656C5-6BC1-442B-945B-51653B38399A}.Debug|Win32.Build.0 = Debug|Win32
		{D4D656C5-6BC1-442B-945B-51653B38399A}.Release|Win32.ActiveCfg = Release|Win32
		{D4D656C5-6BC1-442B-945B-51653B38399A}.Release|Win32.Build.0 = Release|Win32
	EndGlobalSection
	GlobalSection(SolutionProperties) = preSolution
		HideSolutionNode = FALSE
	EndGlobalSection
EndGlobal
