
Microsoft Visual Studio Solution File, Format Version 10.00
# Visual Studio 2008
Project("{8BC9CEB8-8B4A-11D0-8D11-00A0C91BC942}") = "splittst", "splittst.vcproj", "{A7141F2A-18D9-405C-BA14-5A2C4B83B4A1}"
EndProject
Global
	GlobalSection(SolutionConfigurationPlatforms) = preSolution
		Debug|Win32 = Debug|Win32
		Release|Win32 = Release|Win32
	EndGlobalSection
	GlobalSection(ProjectConfigurationPlatforms) = postSolution
		{A7141F2A-18D9-405C-BA14-5A2C4B83B4A1}.Debug|Win32.ActiveCfg = Debug|Win32
		{A7141F2A-18D9-405C-BA14-5A2C4B83B4A1}.Debug|Win32.Build.0 = Debug|Win32
		{A7141F2A-18D9-405C-BA14-5A2C4B83B4A1}.Release|Win32.ActiveCfg = Release|Win32
		{A7141F2A-18D9-405C-BA14-5A2C4B83B4A1}.Release|Win32.Build.0 = Release|Win32
	EndGlobalSection
	GlobalSection(SolutionProperties) = preSolution
		HideSolutionNode = FALSE
	EndGlobalSection
EndGlobal
