
Microsoft Visual Studio Solution File, Format Version 10.00
# Visual Studio 2008
Project("{8BC9CEB8-8B4A-11D0-8D11-00A0C91BC942}") = "Work", "Work.vcproj", "{80DACCE6-FFDB-4D56-BDC2-91DE7621F45C}"
EndProject
Global
	GlobalSection(SolutionConfigurationPlatforms) = preSolution
		Release|Win32 = Release|Win32
	EndGlobalSection
	GlobalSection(ProjectConfigurationPlatforms) = postSolution
		{80DACCE6-FFDB-4D56-BDC2-91DE7621F45C}.Release|Win32.ActiveCfg = Release|Win32
		{80DACCE6-FFDB-4D56-BDC2-91DE7621F45C}.Release|Win32.Build.0 = Release|Win32
	EndGlobalSection
	GlobalSection(SolutionProperties) = preSolution
		HideSolutionNode = FALSE
	EndGlobalSection
EndGlobal
