Microsoft Visual Studio Solution File, Format Version 11.00
# Visual Studio 2010
Project("{8BC9CEB8-8B4A-11D0-8D11-00A0C91BC942}") = "ChartCtrlLib", "ChartCtrlLib\ChartCtrlLib.vcxproj", "{C6A114F3-70A1-40DE-B665-2A6F9BF4685A}"
EndProject
Project("{8BC9CEB8-8B4A-11D0-8D11-00A0C91BC942}") = "ChartCtrlDemo", "ChartCtrlDemo\ChartCtrlDemo.vcxproj", "{98A41E5F-1688-4AAB-8F17-A7C64725F242}"
EndProject
Global
	GlobalSection(SolutionConfigurationPlatforms) = preSolution
		Debug|Win32 = Debug|Win32
		Release|Win32 = Release|Win32
	EndGlobalSection
	GlobalSection(ProjectConfigurationPlatforms) = postSolution
		{C6A114F3-70A1-40DE-B665-2A6F9BF4685A}.Debug|Win32.ActiveCfg = Debug|Win32
		{C6A114F3-70A1-40DE-B665-2A6F9BF4685A}.Debug|Win32.Build.0 = Debug|Win32
		{C6A114F3-70A1-40DE-B665-2A6F9BF4685A}.Release|Win32.ActiveCfg = Release|Win32
		{C6A114F3-70A1-40DE-B665-2A6F9BF4685A}.Release|Win32.Build.0 = Release|Win32
		{98A41E5F-1688-4AAB-8F17-A7C64725F242}.Debug|Win32.ActiveCfg = Debug|Win32
		{98A41E5F-1688-4AAB-8F17-A7C64725F242}.Debug|Win32.Build.0 = Debug|Win32
		{98A41E5F-1688-4AAB-8F17-A7C64725F242}.Release|Win32.ActiveCfg = Release|Win32
		{98A41E5F-1688-4AAB-8F17-A7C64725F242}.Release|Win32.Build.0 = Release|Win32
		EndGlobalSection
	GlobalSection(SolutionProperties) = preSolution
		HideSolutionNode = FALSE
	EndGlobalSection
EndGlobal


