
Microsoft Visual Studio Solution File, Format Version 10.00
# Visual Studio 2008
Project("{8BC9CEB8-8B4A-11D0-8D11-00A0C91BC942}") = "MultiWindow", "MultiWindow.vcproj", "{34CA0335-BF61-4BA5-858C-DC318F7679B8}"
EndProject
Global
	GlobalSection(SolutionConfigurationPlatforms) = preSolution
		Debug|Win32 = Debug|Win32
		Release|Win32 = Release|Win32
	EndGlobalSection
	GlobalSection(ProjectConfigurationPlatforms) = postSolution
		{34CA0335-BF61-4BA5-858C-DC318F7679B8}.Debug|Win32.ActiveCfg = Debug|Win32
		{34CA0335-BF61-4BA5-858C-DC318F7679B8}.Debug|Win32.Build.0 = Debug|Win32
		{34CA0335-BF61-4BA5-858C-DC318F7679B8}.Release|Win32.ActiveCfg = Release|Win32
		{34CA0335-BF61-4BA5-858C-DC318F7679B8}.Release|Win32.Build.0 = Release|Win32
	EndGlobalSection
	GlobalSection(SolutionProperties) = preSolution
		HideSolutionNode = FALSE
	EndGlobalSection
EndGlobal
