Microsoft Visual Studio Solution File, Format Version 7.00
Project("{8BC9CEB8-8B4A-11D0-8D11-00A0C91BC942}") = "GammaManager", "GammaManager.vcproj", "{84475259-B438-4FA1-9334-28EF5F156975}"
EndProject
Global
	GlobalSection(SolutionConfiguration) = preSolution
		ConfigName.0 = Debug
		ConfigName.1 = Release
	EndGlobalSection
	GlobalSection(ProjectDependencies) = postSolution
	EndGlobalSection
	GlobalSection(ProjectConfiguration) = postSolution
		{84475259-B438-4FA1-9334-28EF5F156975}.Debug.ActiveCfg = Release|Win32
		{84475259-B438-4FA1-9334-28EF5F156975}.Debug.Build.0 = Release|Win32
		{84475259-B438-4FA1-9334-28EF5F156975}.Release.ActiveCfg = Release|Win32
		{84475259-B438-4FA1-9334-28EF5F156975}.Release.Build.0 = Release|Win32
	EndGlobalSection
	GlobalSection(ExtensibilityGlobals) = postSolution
	EndGlobalSection
	GlobalSection(ExtensibilityAddIns) = postSolution
	EndGlobalSection
EndGlobal
