
Microsoft Visual Studio Solution File, Format Version 10.00
# Visual Studio 2008
Project("{8BC9CEB8-8B4A-11D0-8D11-00A0C91BC942}") = "CAppBarApplication", "CAppBarApplication\CAppBarApplication.vcproj", "{26FCF9B6-7474-49AD-8C4C-6B4EDC33BF89}"
EndProject
Global
	GlobalSection(SolutionConfigurationPlatforms) = preSolution
		Debug|Win32 = Debug|Win32
		Release|Win32 = Release|Win32
	EndGlobalSection
	GlobalSection(ProjectConfigurationPlatforms) = postSolution
		{26FCF9B6-7474-49AD-8C4C-6B4EDC33BF89}.Debug|Win32.ActiveCfg = Debug|Win32
		{26FCF9B6-7474-49AD-8C4C-6B4EDC33BF89}.Debug|Win32.Build.0 = Debug|Win32
		{26FCF9B6-7474-49AD-8C4C-6B4EDC33BF89}.Release|Win32.ActiveCfg = Release|Win32
		{26FCF9B6-7474-49AD-8C4C-6B4EDC33BF89}.Release|Win32.Build.0 = Release|Win32
	EndGlobalSection
	GlobalSection(SolutionProperties) = preSolution
		HideSolutionNode = FALSE
	EndGlobalSection
EndGlobal
